
Microsoft Visual Studio Solution File, Format Version 12.00
# Visual Studio Version 17
VisualStudioVersion = 17.5.33530.505
MinimumVisualStudioVersion = 10.0.40219.1
Project("{FAE04EC0-301F-11D3-BF4B-00C04F79EFBC}") = "0102SP_FXD", "0102SP_FXD\0102SP_FXD.csproj", "{890B0BD3-1B13-486D-95E4-2FF5C6C52C68}"
EndProject
Global
	GlobalSection(SolutionConfigurationPlatforms) = preSolution
		Debug|Any CPU = Debug|Any CPU
		Release|Any CPU = Release|Any CPU
	EndGlobalSection
	GlobalSection(ProjectConfigurationPlatforms) = postSolution
		{890B0BD3-1B13-486D-95E4-2FF5C6C52C68}.Debug|Any CPU.ActiveCfg = Debug|Any CPU
		{890B0BD3-1B13-486D-95E4-2FF5C6C52C68}.Debug|Any CPU.Build.0 = Debug|Any CPU
		{890B0BD3-1B13-486D-95E4-2FF5C6C52C68}.Release|Any CPU.ActiveCfg = Release|Any CPU
		{890B0BD3-1B13-486D-95E4-2FF5C6C52C68}.Release|Any CPU.Build.0 = Release|Any CPU
	EndGlobalSection
	GlobalSection(SolutionProperties) = preSolution
		HideSolutionNode = FALSE
	EndGlobalSection
	GlobalSection(ExtensibilityGlobals) = postSolution
		SolutionGuid = {A570DBA8-323E-4D4F-8FBF-36813A0547D6}
	EndGlobalSection
EndGlobal
